
Microsoft Visual Studio Solution File, Format Version 12.00
# Visual Studio 15
VisualStudioVersion = 15.0.28307.645
MinimumVisualStudioVersion = 10.0.40219.1
Project("{FAE04EC0-301F-11D3-BF4B-00C04F79EFBC}") = "Mackay_Nel_Task1", "Mackay_Nel_Task1\Mackay_Nel_Task1.csproj", "{A41BFD23-20FC-435F-BC59-1A82206C8449}"
EndProject
Global
	GlobalSection(SolutionConfigurationPlatforms) = preSolution
		Debug|Any CPU = Debug|Any CPU
		Release|Any CPU = Release|Any CPU
	EndGlobalSection
	GlobalSection(ProjectConfigurationPlatforms) = postSolution
		{A41BFD23-20FC-435F-BC59-1A82206C8449}.Debug|Any CPU.ActiveCfg = Debug|Any CPU
		{A41BFD23-20FC-435F-BC59-1A82206C8449}.Debug|Any CPU.Build.0 = Debug|Any CPU
		{A41BFD23-20FC-435F-BC59-1A82206C8449}.Release|Any CPU.ActiveCfg = Release|Any CPU
		{A41BFD23-20FC-435F-BC59-1A82206C8449}.Release|Any CPU.Build.0 = Release|Any CPU
	EndGlobalSection
	GlobalSection(SolutionProperties) = preSolution
		HideSolutionNode = FALSE
	EndGlobalSection
	GlobalSection(ExtensibilityGlobals) = postSolution
		SolutionGuid = {A846A44E-43C0-464C-B0CA-5BE0DBE7D7E2}
	EndGlobalSection
EndGlobal
